
Microsoft Visual Studio Solution File, Format Version 12.00
# Visual Studio Version 17
VisualStudioVersion = 17.14.36202.13 d17.14
MinimumVisualStudioVersion = 10.0.40219.1
Project("{8BC9CEB8-8B4A-11D0-8D11-00A0C91BC942}") = "Cautare_binara", "Cautare_binara\Cautare_binara.vcxproj", "{A07404DA-BD09-4130-8E2F-48234DFF952E}"
EndProject
Global
	GlobalSection(SolutionConfigurationPlatforms) = preSolution
		Debug|x64 = Debug|x64
		Debug|x86 = Debug|x86
		Release|x64 = Release|x64
		Release|x86 = Release|x86
	EndGlobalSection
	GlobalSection(ProjectConfigurationPlatforms) = postSolution
		{A07404DA-BD09-4130-8E2F-48234DFF952E}.Debug|x64.ActiveCfg = Debug|x64
		{A07404DA-BD09-4130-8E2F-48234DFF952E}.Debug|x64.Build.0 = Debug|x64
		{A07404DA-BD09-4130-8E2F-48234DFF952E}.Debug|x86.ActiveCfg = Debug|Win32
		{A07404DA-BD09-4130-8E2F-48234DFF952E}.Debug|x86.Build.0 = Debug|Win32
		{A07404DA-BD09-4130-8E2F-48234DFF952E}.Release|x64.ActiveCfg = Release|x64
		{A07404DA-BD09-4130-8E2F-48234DFF952E}.Release|x64.Build.0 = Release|x64
		{A07404DA-BD09-4130-8E2F-48234DFF952E}.Release|x86.ActiveCfg = Release|Win32
		{A07404DA-BD09-4130-8E2F-48234DFF952E}.Release|x86.Build.0 = Release|Win32
	EndGlobalSection
	GlobalSection(SolutionProperties) = preSolution
		HideSolutionNode = FALSE
	EndGlobalSection
	GlobalSection(ExtensibilityGlobals) = postSolution
		SolutionGuid = {41CDB0FC-A6AE-486E-8B51-92959500B01C}
	EndGlobalSection
EndGlobal
